// !$*UTF8*$!
{
	archiveVersion = 1;
	classes = {
	};
	objectVersion = 55;
	objects = {

/* Begin PBXBuildFile section */
		193FBE2B27A690EB002C35EB /* AppDelegate.swift in Sources */ = {isa = PBXBuildFile; fileRef = 193FBE2A27A690EB002C35EB /* AppDelegate.swift */; };
		193FBE2D27A690EB002C35EB /* SceneDelegate.swift in Sources */ = {isa = PBXBuildFile; fileRef = 193FBE2C27A690EB002C35EB /* SceneDelegate.swift */; };
		193FBE2F27A690EB002C35EB /* ViewController.swift in Sources */ = {isa = PBXBuildFile; fileRef = 193FBE2E27A690EB002C35EB /* ViewController.swift */; };
		193FBE3227A690EB002C35EB /* Main.storyboard in Resources */ = {isa = PBXBuildFile; fileRef = 193FBE3027A690EB002C35EB /* Main.storyboard */; };
		193FBE3427A690EC002C35EB /* Assets.xcassets in Resources */ = {isa = PBXBuildFile; fileRef = 193FBE3327A690EC002C35EB /* Assets.xcassets */; };
		193FBE3727A690EC002C35EB /* LaunchScreen.storyboard in Resources */ = {isa = PBXBuildFile; fileRef = 193FBE3527A690EC002C35EB /* LaunchScreen.storyboard */; };
		193FBE4227A690EC002C35EB /* ARCTests.swift in Sources */ = {isa = PBXBuildFile; fileRef = 193FBE4127A690EC002C35EB /* ARCTests.swift */; };
		193FBE4C27A690EC002C35EB /* ARCUITests.swift in Sources */ = {isa = PBXBuildFile; fileRef = 193FBE4B27A690EC002C35EB /* ARCUITests.swift */; };
		193FBE4E27A690EC002C35EB /* ARCUITestsLaunchTests.swift in Sources */ = {isa = PBXBuildFile; fileRef = 193FBE4D27A690EC002C35EB /* ARCUITestsLaunchTests.swift */; };
/* End PBXBuildFile section */

/* Begin PBXContainerItemProxy section */
		193FBE3E27A690EC002C35EB /* PBXContainerItemProxy */ = {
			isa = PBXContainerItemProxy;
			containerPortal = 193FBE1F27A690EB002C35EB /* Project object */;
			proxyType = 1;
			remoteGlobalIDString = 193FBE2627A690EB002C35EB;
			remoteInfo = ARC;
		};
		193FBE4827A690EC002C35EB /* PBXContainerItemProxy */ = {
			isa = PBXContainerItemProxy;
			containerPortal = 193FBE1F27A690EB002C35EB /* Project object */;
			proxyType = 1;
			remoteGlobalIDString = 193FBE2627A690EB002C35EB;
			remoteInfo = ARC;
		};
/* End PBXContainerItemProxy section */

/* Begin PBXFileReference section */
		193FBE2727A690EB002C35EB /* ARC.app */ = {isa = PBXFileReference; explicitFileType = wrapper.application; includeInIndex = 0; path = ARC.app; sourceTree = BUILT_PRODUCTS_DIR; };
		193FBE2A27A690EB002C35EB /* AppDelegate.swift */ = {isa = PBXFileReference; lastKnownFileType = sourcecode.swift; path = AppDelegate.swift; sourceTree = "<group>"; };
		193FBE2C27A690EB002C35EB /* SceneDelegate.swift */ = {isa = PBXFileReference; lastKnownFileType = sourcecode.swift; path = SceneDelegate.swift; sourceTree = "<group>"; };
		193FBE2E27A690EB002C35EB /* ViewController.swift */ = {isa = PBXFileReference; lastKnownFileType = sourcecode.swift; path = ViewController.swift; sourceTree = "<group>"; };
		193FBE3127A690EB002C35EB /* Base */ = {isa = PBXFileReference; lastKnownFileType = file.storyboard; name = Base; path = Base.lproj/Main.storyboard; sourceTree = "<group>"; };
		193FBE3327A690EC002C35EB /* Assets.xcassets */ = {isa = PBXFileReference; lastKnownFileType = folder.assetcatalog; path = Assets.xcassets; sourceTree = "<group>"; };
		193FBE3627A690EC002C35EB /* Base */ = {isa = PBXFileReference; lastKnownFileType = file.storyboard; name = Base; path = Base.lproj/LaunchScreen.storyboard; sourceTree = "<group>"; };
		193FBE3827A690EC002C35EB /* Info.plist */ = {isa = PBXFileReference; lastKnownFileType = text.plist.xml; path = Info.plist; sourceTree = "<group>"; };
		193FBE3D27A690EC002C35EB /* ARCTests.xctest */ = {isa = PBXFileReference; explicitFileType = wrapper.cfbundle; includeInIndex = 0; path = ARCTests.xctest; sourceTree = BUILT_PRODUCTS_DIR; };
		193FBE4127A690EC002C35EB /* ARCTests.swift */ = {isa = PBXFileReference; lastKnownFileType = sourcecode.swift; path = ARCTests.swift; sourceTree = "<group>"; };
		193FBE4727A690EC002C35EB /* ARCUITests.xctest */ = {isa = PBXFileReference; explicitFileType = wrapper.cfbundle; includeInIndex = 0; path = ARCUITests.xctest; sourceTree = BUILT_PRODUCTS_DIR; };
		193FBE4B27A690EC002C35EB /* ARCUITests.swift */ = {isa = PBXFileReference; lastKnownFileType = sourcecode.swift; path = ARCUITests.swift; sourceTree = "<group>"; };
		193FBE4D27A690EC002C35EB /* ARCUITestsLaunchTests.swift */ = {isa = PBXFileReference; lastKnownFileType = sourcecode.swift; path = ARCUITestsLaunchTests.swift; sourceTree = "<group>"; };
/* End PBXFileReference section */

/* Begin PBXFrameworksBuildPhase section */
		193FBE2427A690EB002C35EB /* Frameworks */ = {
			isa = PBXFrameworksBuildPhase;
			buildActionMask = 2147483647;
			files = (
			);
			runOnlyForDeploymentPostprocessing = 0;
		};
		193FBE3A27A690EC002C35EB /* Frameworks */ = {
			isa = PBXFrameworksBuildPhase;
			buildActionMask = 2147483647;
			files = (
			);
			runOnlyForDeploymentPostprocessing = 0;
		};
		193FBE4427A690EC002C35EB /* Frameworks */ = {
			isa = PBXFrameworksBuildPhase;
			buildActionMask = 2147483647;
			files = (
			);
			runOnlyForDeploymentPostprocessing = 0;
		};
/* End PBXFrameworksBuildPhase section */

/* Begin PBXGroup section */
		193FBE1E27A690EB002C35EB = {
			isa = PBXGroup;
			children = (
				193FBE2927A690EB002C35EB /* ARC */,
				193FBE4027A690EC002C35EB /* ARCTests */,
				193FBE4A27A690EC002C35EB /* ARCUITests */,
				193FBE2827A690EB002C35EB /* Products */,
			);
			sourceTree = "<group>";
		};
		193FBE2827A690EB002C35EB /* Products */ = {
			isa = PBXGroup;
			children = (
				193FBE2727A690EB002C35EB /* ARC.app */,
				193FBE3D27A690EC002C35EB /* ARCTests.xctest */,
				193FBE4727A690EC002C35EB /* ARCUITests.xctest */,
			);
			name = Products;
			sourceTree = "<group>";
		};
		193FBE2927A690EB002C35EB /* ARC */ = {
			isa = PBXGroup;
			children = (
				193FBE2A27A690EB002C35EB /* AppDelegate.swift */,
				193FBE2C27A690EB002C35EB /* SceneDelegate.swift */,
				193FBE2E27A690EB002C35EB /* ViewController.swift */,
				193FBE3027A690EB002C35EB /* Main.storyboard */,
				193FBE3327A690EC002C35EB /* Assets.xcassets */,
				193FBE3527A690EC002C35EB /* LaunchScreen.storyboard */,
				193FBE3827A690EC002C35EB /* Info.plist */,
			);
			path = ARC;
			sourceTree = "<group>";
		};
		193FBE4027A690EC002C35EB /* ARCTests */ = {
			isa = PBXGroup;
			children = (
				193FBE4127A690EC002C35EB /* ARCTests.swift */,
			);
			path = ARCTests;
			sourceTree = "<group>";
		};
		193FBE4A27A690EC002C35EB /* ARCUITests */ = {
			isa = PBXGroup;
			children = (
				193FBE4B27A690EC002C35EB /* ARCUITests.swift */,
				193FBE4D27A690EC002C35EB /* ARCUITestsLaunchTests.swift */,
			);
			path = ARCUITests;
			sourceTree = "<group>";
		};
/* End PBXGroup section */

/* Begin PBXNativeTarget section */
		193FBE2627A690EB002C35EB /* ARC */ = {
			isa = PBXNativeTarget;
			buildConfigurationList = 193FBE5127A690EC002C35EB /* Build configuration list for PBXNativeTarget "ARC" */;
			buildPhases = (
				193FBE2327A690EB002C35EB /* Sources */,
				193FBE2427A690EB002C35EB /* Frameworks */,
				193FBE2527A690EB002C35EB /* Resources */,
			);
			buildRules = (
			);
			dependencies = (
			);
			name = ARC;
			productName = ARC;
			productReference = 193FBE2727A690EB002C35EB /* ARC.app */;
			productType = "com.apple.product-type.application";
		};
		193FBE3C27A690EC002C35EB /* ARCTests */ = {
			isa = PBXNativeTarget;
			buildConfigurationList = 193FBE5427A690EC002C35EB /* Build configuration list for PBXNativeTarget "ARCTests" */;
			buildPhases = (
				193FBE3927A690EC002C35EB /* Sources */,
				193FBE3A27A690EC002C35EB /* Frameworks */,
				193FBE3B27A690EC002C35EB /* Resources */,
			);
			buildRules = (
			);
			dependencies = (
				193FBE3F27A690EC002C35EB /* PBXTargetDependency */,
			);
			name = ARCTests;
			productName = ARCTests;
			productReference = 193FBE3D27A690EC002C35EB /* ARCTests.xctest */;
			productType = "com.apple.product-type.bundle.unit-test";
		};
		193FBE4627A690EC002C35EB /* ARCUITests */ = {
			isa = PBXNativeTarget;
			buildConfigurationList = 193FBE5727A690EC002C35EB /* Build configuration list for PBXNativeTarget "ARCUITests" */;
			buildPhases = (
				193FBE4327A690EC002C35EB /* Sources */,
				193FBE4427A690EC002C35EB /* Frameworks */,
				193FBE4527A690EC002C35EB /* Resources */,
			);
			buildRules = (
			);
			dependencies = (
				193FBE4927A690EC002C35EB /* PBXTargetDependency */,
			);
			name = ARCUITests;
			productName = ARCUITests;
			productReference = 193FBE4727A690EC002C35EB /* ARCUITests.xctest */;
			productType = "com.apple.product-type.bundle.ui-testing";
		};
/* End PBXNativeTarget section */

/* Begin PBXProject section */
		193FBE1F27A690EB002C35EB /* Project object */ = {
			isa = PBXProject;
			attributes = {
				BuildIndependentTargetsInParallel = 1;
				LastSwiftUpdateCheck = 1320;
				LastUpgradeCheck = 1320;
				TargetAttributes = {
					193FBE2627A690EB002C35EB = {
						CreatedOnToolsVersion = 13.2.1;
					};
					193FBE3C27A690EC002C35EB = {
						CreatedOnToolsVersion = 13.2.1;
						TestTargetID = 193FBE2627A690EB002C35EB;
					};
					193FBE4627A690EC002C35EB = {
						CreatedOnToolsVersion = 13.2.1;
						TestTargetID = 193FBE2627A690EB002C35EB;
					};
				};
			};
			buildConfigurationList = 193FBE2227A690EB002C35EB /* Build configuration list for PBXProject "ARC" */;
			compatibilityVersion = "Xcode 13.0";
			developmentRegion = en;
			hasScannedForEncodings = 0;
			knownRegions = (
				en,
				Base,
			);
			mainGroup = 193FBE1E27A690EB002C35EB;
			productRefGroup = 193FBE2827A690EB002C35EB /* Products */;
			projectDirPath = "";
			projectRoot = "";
			targets = (
				193FBE2627A690EB002C35EB /* ARC */,
				193FBE3C27A690EC002C35EB /* ARCTests */,
				193FBE4627A690EC002C35EB /* ARCUITests */,
			);
		};
/* End PBXProject section */

/* Begin PBXResourcesBuildPhase section */
		193FBE2527A690EB002C35EB /* Resources */ = {
			isa = PBXResourcesBuildPhase;
			buildActionMask = 2147483647;
			files = (
				193FBE3727A690EC002C35EB /* LaunchScreen.storyboard in Resources */,
				193FBE3427A690EC002C35EB /* Assets.xcassets in Resources */,
				193FBE3227A690EB002C35EB /* Main.storyboard in Resources */,
			);
			runOnlyForDeploymentPostprocessing = 0;
		};
		193FBE3B27A690EC002C35EB /* Resources */ = {
			isa = PBXResourcesBuildPhase;
			buildActionMask = 2147483647;
			files = (
			);
			runOnlyForDeploymentPostprocessing = 0;
		};
		193FBE4527A690EC002C35EB /* Resources */ = {
			isa = PBXResourcesBuildPhase;
			buildActionMask = 2147483647;
			files = (
			);
			runOnlyForDeploymentPostprocessing = 0;
		};
/* End PBXResourcesBuildPhase section */

/* Begin PBXSourcesBuildPhase section */
		193FBE2327A690EB002C35EB /* Sources */ = {
			isa = PBXSourcesBuildPhase;
			buildActionMask = 2147483647;
			files = (
				193FBE2F27A690EB002C35EB /* ViewController.swift in Sources */,
				193FBE2B27A690EB002C35EB /* AppDelegate.swift in Sources */,
				193FBE2D27A690EB002C35EB /* SceneDelegate.swift in Sources */,
			);
			runOnlyForDeploymentPostprocessing = 0;
		};
		193FBE3927A690EC002C35EB /* Sources */ = {
			isa = PBXSourcesBuildPhase;
			buildActionMask = 2147483647;
			files = (
				193FBE4227A690EC002C35EB /* ARCTests.swift in Sources */,
			);
			runOnlyForDeploymentPostprocessing = 0;
		};
		193FBE4327A690EC002C35EB /* Sources */ = {
			isa = PBXSourcesBuildPhase;
			buildActionMask = 2147483647;
			files = (
				193FBE4C27A690EC002C35EB /* ARCUITests.swift in Sources */,
				193FBE4E27A690EC002C35EB /* ARCUITestsLaunchTests.swift in Sources */,
			);
			runOnlyForDeploymentPostprocessing = 0;
		};
/* End PBXSourcesBuildPhase section */

/* Begin PBXTargetDependency section */
		193FBE3F27A690EC002C35EB /* PBXTargetDependency */ = {
			isa = PBXTargetDependency;
			target = 193FBE2627A690EB002C35EB /* ARC */;
			targetProxy = 193FBE3E27A690EC002C35EB /* PBXContainerItemProxy */;
		};
		193FBE4927A690EC002C35EB /* PBXTargetDependency */ = {
			isa = PBXTargetDependency;
			target = 193FBE2627A690EB002C35EB /* ARC */;
			targetProxy = 193FBE4827A690EC002C35EB /* PBXContainerItemProxy */;
		};
/* End PBXTargetDependency section */

/* Begin PBXVariantGroup section */
		193FBE3027A690EB002C35EB /* Main.storyboard */ = {
			isa = PBXVariantGroup;
			children = (
				193FBE3127A690EB002C35EB /* Base */,
			);
			name = Main.storyboard;
			sourceTree = "<group>";
		};
		193FBE3527A690EC002C35EB /* LaunchScreen.storyboard */ = {
			isa = PBXVariantGroup;
			children = (
				193FBE3627A690EC002C35EB /* Base */,
			);
			name = LaunchScreen.storyboard;
			sourceTree = "<group>";
		};
/* End PBXVariantGroup section */

/* Begin XCBuildConfiguration section */
		193FBE4F27A690EC002C35EB /* Debug */ = {
			isa = XCBuildConfiguration;
			buildSettings = {
				ALWAYS_SEARCH_USER_PATHS = NO;
				CLANG_ANALYZER_NONNULL = YES;
				CLANG_ANALYZER_NUMBER_OBJECT_CONVERSION = YES_AGGRESSIVE;
				CLANG_CXX_LANGUAGE_STANDARD = "gnu++17";
				CLANG_CXX_LIBRARY = "libc++";
				CLANG_ENABLE_MODULES = YES;
				CLANG_ENABLE_OBJC_ARC = YES;
				CLANG_ENABLE_OBJC_WEAK = YES;
				CLANG_WARN_BLOCK_CAPTURE_AUTORELEASING = YES;
				CLANG_WARN_BOOL_CONVERSION = YES;
				CLANG_WARN_COMMA = YES;
				CLANG_WARN_CONSTANT_CONVERSION = YES;
				CLANG_WARN_DEPRECATED_OBJC_IMPLEMENTATIONS = YES;
				CLANG_WARN_DIRECT_OBJC_ISA_USAGE = YES_ERROR;
				CLANG_WARN_DOCUMENTATION_COMMENTS = YES;
				CLANG_WARN_EMPTY_BODY = YES;
				CLANG_WARN_ENUM_CONVERSION = YES;
				CLANG_WARN_INFINITE_RECURSION = YES;
				CLANG_WARN_INT_CONVERSION = YES;
				CLANG_WARN_NON_LITERAL_NULL_CONVERSION = YES;
				CLANG_WARN_OBJC_IMPLICIT_RETAIN_SELF = YES;
				CLANG_WARN_OBJC_LITERAL_CONVERSION = YES;
				CLANG_WARN_OBJC_ROOT_CLASS = YES_ERROR;
				CLANG_WARN_QUOTED_INCLUDE_IN_FRAMEWORK_HEADER = YES;
				CLANG_WARN_RANGE_LOOP_ANALYSIS = YES;
				CLANG_WARN_STRICT_PROTOTYPES = YES;
				CLANG_WARN_SUSPICIOUS_MOVE = YES;
				CLANG_WARN_UNGUARDED_AVAILABILITY = YES_AGGRESSIVE;
				CLANG_WARN_UNREACHABLE_CODE = YES;
				CLANG_WARN__DUPLICATE_METHOD_MATCH = YES;
				COPY_PHASE_STRIP = NO;
				DEBUG_INFORMATION_FORMAT = dwarf;
				ENABLE_STRICT_OBJC_MSGSEND = YES;
				ENABLE_TESTABILITY = YES;
				GCC_C_LANGUAGE_STANDARD = gnu11;
				GCC_DYNAMIC_NO_PIC = NO;
				GCC_NO_COMMON_BLOCKS = YES;
				GCC_OPTIMIZATION_LEVEL = 0;
				GCC_PREPROCESSOR_DEFINITIONS = (
					"DEBUG=1",
					"$(inherited)",
				);
				GCC_WARN_64_TO_32_BIT_CONVERSION = YES;
				GCC_WARN_ABOUT_RETURN_TYPE = YES_ERROR;
				GCC_WARN_UNDECLARED_SELECTOR = YES;
				GCC_WARN_UNINITIALIZED_AUTOS = YES_AGGRESSIVE;
				GCC_WARN_UNUSED_FUNCTION = YES;
				GCC_WARN_UNUSED_VARIABLE = YES;
				IPHONEOS_DEPLOYMENT_TARGET = 15.2;
				MTL_ENABLE_DEBUG_INFO = INCLUDE_SOURCE;
				MTL_FAST_MATH = YES;
				ONLY_ACTIVE_ARCH = YES;
				SDKROOT = iphoneos;
				SWIFT_ACTIVE_COMPILATION_CONDITIONS = DEBUG;
				SWIFT_OPTIMIZATION_LEVEL = "-Onone";
			};
			name = Debug;
		};
		193FBE5027A690EC002C35EB /* Release */ = {
			isa = XCBuildConfiguration;
			buildSettings = {
				ALWAYS_SEARCH_USER_PATHS = NO;
				CLANG_ANALYZER_NONNULL = YES;
				CLANG_ANALYZER_NUMBER_OBJECT_CONVERSION = YES_AGGRESSIVE;
				CLANG_CXX_LANGUAGE_STANDARD = "gnu++17";
				CLANG_CXX_LIBRARY = "libc++";
				CLANG_ENABLE_MODULES = YES;
				CLANG_ENABLE_OBJC_ARC = YES;
				CLANG_ENABLE_OBJC_WEAK = YES;
				CLANG_WARN_BLOCK_CAPTURE_AUTORELEASING = YES;
				CLANG_WARN_BOOL_CONVERSION = YES;
				CLANG_WARN_COMMA = YES;
				CLANG_WARN_CONSTANT_CONVERSION = YES;
				CLANG_WARN_DEPRECATED_OBJC_IMPLEMENTATIONS = YES;
				CLANG_WARN_DIRECT_OBJC_ISA_USAGE = YES_ERROR;
				CLANG_WARN_DOCUMENTATION_COMMENTS = YES;
				CLANG_WARN_EMPTY_BODY = YES;
				CLANG_WARN_ENUM_CONVERSION = YES;
				CLANG_WARN_INFINITE_RECURSION = YES;
				CLANG_WARN_INT_CONVERSION = YES;
				CLANG_WARN_NON_LITERAL_NULL_CONVERSION = YES;
				CLANG_WARN_OBJC_IMPLICIT_RETAIN_SELF = YES;
				CLANG_WARN_OBJC_LITERAL_CONVERSION = YES;
				CLANG_WARN_OBJC_ROOT_CLASS = YES_ERROR;
				CLANG_WARN_QUOTED_INCLUDE_IN_FRAMEWORK_HEADER = YES;
				CLANG_WARN_RANGE_LOOP_ANALYSIS = YES;
				CLANG_WARN_STRICT_PROTOTYPES = YES;
				CLANG_WARN_SUSPICIOUS_MOVE = YES;
				CLANG_WARN_UNGUARDED_AVAILABILITY = YES_AGGRESSIVE;
				CLANG_WARN_UNREACHABLE_CODE = YES;
				CLANG_WARN__DUPLICATE_METHOD_MATCH = YES;
				COPY_PHASE_STRIP = NO;
				DEBUG_INFORMATION_FORMAT = "dwarf-with-dsym";
				ENABLE_NS_ASSERTIONS = NO;
				ENABLE_STRICT_OBJC_MSGSEND = YES;
				GCC_C_LANGUAGE_STANDARD = gnu11;
				GCC_NO_COMMON_BLOCKS = YES;
				GCC_WARN_64_TO_32_BIT_CONVERSION = YES;
				GCC_WARN_ABOUT_RETURN_TYPE = YES_ERROR;
				GCC_WARN_UNDECLARED_SELECTOR = YES;
				GCC_WARN_UNINITIALIZED_AUTOS = YES_AGGRESSIVE;
				GCC_WARN_UNUSED_FUNCTION = YES;
				GCC_WARN_UNUSED_VARIABLE = YES;
				IPHONEOS_DEPLOYMENT_TARGET = 15.2;
				MTL_ENABLE_DEBUG_INFO = NO;
				MTL_FAST_MATH = YES;
				SDKROOT = iphoneos;
				SWIFT_COMPILATION_MODE = wholemodule;
				SWIFT_OPTIMIZATION_LEVEL = "-O";
				VALIDATE_PRODUCT = YES;
			};
			name = Release;
		};
		193FBE5227A690EC002C35EB /* Debug */ = {
			isa = XCBuildConfiguration;
			buildSettings = {
				ASSETCATALOG_COMPILER_APPICON_NAME = AppIcon;
				ASSETCATALOG_COMPILER_GLOBAL_ACCENT_COLOR_NAME = AccentColor;
				CODE_SIGN_STYLE = Automatic;
				CURRENT_PROJECT_VERSION = 1;
				DEVELOPMENT_TEAM = K2VAN9GH96;
				GENERATE_INFOPLIST_FILE = YES;
				INFOPLIST_FILE = ARC/Info.plist;
				INFOPLIST_KEY_UIApplicationSupportsIndirectInputEvents = YES;
				INFOPLIST_KEY_UILaunchStoryboardName = LaunchScreen;
				INFOPLIST_KEY_UIMainStoryboardFile = Main;
				INFOPLIST_KEY_UISupportedInterfaceOrientations_iPad = "UIInterfaceOrientationPortrait UIInterfaceOrientationPortraitUpsideDown UIInterfaceOrientationLandscapeLeft UIInterfaceOrientationLandscapeRight";
				INFOPLIST_KEY_UISupportedInterfaceOrientations_iPhone = "UIInterfaceOrientationPortrait UIInterfaceOrientationLandscapeLeft UIInterfaceOrientationLandscapeRight";
				LD_RUNPATH_SEARCH_PATHS = (
					"$(inherited)",
					"@executable_path/Frameworks",
				);
				MARKETING_VERSION = 1.0;
				PRODUCT_BUNDLE_IDENTIFIER = com.loinsir.ARC;
				PRODUCT_NAME = "$(TARGET_NAME)";
				SWIFT_EMIT_LOC_STRINGS = YES;
				SWIFT_VERSION = 5.0;
				TARGETED_DEVICE_FAMILY = "1,2";
			};
			name = Debug;
		};
		193FBE5327A690EC002C35EB /* Release */ = {
			isa = XCBuildConfiguration;
			buildSettings = {
				ASSETCATALOG_COMPILER_APPICON_NAME = AppIcon;
				ASSETCATALOG_COMPILER_GLOBAL_ACCENT_COLOR_NAME = AccentColor;
				CODE_SIGN_STYLE = Automatic;
				CURRENT_PROJECT_VERSION = 1;
				DEVELOPMENT_TEAM = K2VAN9GH96;
				GENERATE_INFOPLIST_FILE = YES;
				INFOPLIST_FILE = ARC/Info.plist;
				INFOPLIST_KEY_UIApplicationSupportsIndirectInputEvents = YES;
				INFOPLIST_KEY_UILaunchStoryboardName = LaunchScreen;
				INFOPLIST_KEY_UIMainStoryboardFile = Main;
				INFOPLIST_KEY_UISupportedInterfaceOrientations_iPad = "UIInterfaceOrientationPortrait UIInterfaceOrientationPortraitUpsideDown UIInterfaceOrientationLandscapeLeft UIInterfaceOrientationLandscapeRight";
				INFOPLIST_KEY_UISupportedInterfaceOrientations_iPhone = "UIInterfaceOrientationPortrait UIInterfaceOrientationLandscapeLeft UIInterfaceOrientationLandscapeRight";
				LD_RUNPATH_SEARCH_PATHS = (
					"$(inherited)",
					"@executable_path/Frameworks",
				);
				MARKETING_VERSION = 1.0;
				PRODUCT_BUNDLE_IDENTIFIER = com.loinsir.ARC;
				PRODUCT_NAME = "$(TARGET_NAME)";
				SWIFT_EMIT_LOC_STRINGS = YES;
				SWIFT_VERSION = 5.0;
				TARGETED_DEVICE_FAMILY = "1,2";
			};
			name = Release;
		};
		193FBE5527A690EC002C35EB /* Debug */ = {
			isa = XCBuildConfiguration;
			buildSettings = {
				ALWAYS_EMBED_SWIFT_STANDARD_LIBRARIES = YES;
				BUNDLE_LOADER = "$(TEST_HOST)";
				CODE_SIGN_STYLE = Automatic;
				CURRENT_PROJECT_VERSION = 1;
				DEVELOPMENT_TEAM = K2VAN9GH96;
				GENERATE_INFOPLIST_FILE = YES;
				IPHONEOS_DEPLOYMENT_TARGET = 15.2;
				MARKETING_VERSION = 1.0;
				PRODUCT_BUNDLE_IDENTIFIER = com.loinsir.ARCTests;
				PRODUCT_NAME = "$(TARGET_NAME)";
				SWIFT_EMIT_LOC_STRINGS = NO;
				SWIFT_VERSION = 5.0;
				TARGETED_DEVICE_FAMILY = "1,2";
				TEST_HOST = "$(BUILT_PRODUCTS_DIR)/ARC.app/ARC";
			};
			name = Debug;
		};
		193FBE5627A690EC002C35EB /* Release */ = {
			isa = XCBuildConfiguration;
			buildSettings = {
				ALWAYS_EMBED_SWIFT_STANDARD_LIBRARIES = YES;
				BUNDLE_LOADER = "$(TEST_HOST)";
				CODE_SIGN_STYLE = Automatic;
				CURRENT_PROJECT_VERSION = 1;
				DEVELOPMENT_TEAM = K2VAN9GH96;
				GENERATE_INFOPLIST_FILE = YES;
				IPHONEOS_DEPLOYMENT_TARGET = 15.2;
				MARKETING_VERSION = 1.0;
				PRODUCT_BUNDLE_IDENTIFIER = com.loinsir.ARCTests;
				PRODUCT_NAME = "$(TARGET_NAME)";
				SWIFT_EMIT_LOC_STRINGS = NO;
				SWIFT_VERSION = 5.0;
				TARGETED_DEVICE_FAMILY = "1,2";
				TEST_HOST = "$(BUILT_PRODUCTS_DIR)/ARC.app/ARC";
			};
			name = Release;
		};
		193FBE5827A690EC002C35EB /* Debug */ = {
			isa = XCBuildConfiguration;
			buildSettings = {
				ALWAYS_EMBED_SWIFT_STANDARD_LIBRARIES = YES;
				CODE_SIGN_STYLE = Automatic;
				CURRENT_PROJECT_VERSION = 1;
				DEVELOPMENT_TEAM = K2VAN9GH96;
				GENERATE_INFOPLIST_FILE = YES;
				MARKETING_VERSION = 1.0;
				PRODUCT_BUNDLE_IDENTIFIER = com.loinsir.ARCUITests;
				PRODUCT_NAME = "$(TARGET_NAME)";
				SWIFT_EMIT_LOC_STRINGS = NO;
				SWIFT_VERSION = 5.0;
				TARGETED_DEVICE_FAMILY = "1,2";
				TEST_TARGET_NAME = ARC;
			};
			name = Debug;
		};
		193FBE5927A690EC002C35EB /* Release */ = {
			isa = XCBuildConfiguration;
			buildSettings = {
				ALWAYS_EMBED_SWIFT_STANDARD_LIBRARIES = YES;
				CODE_SIGN_STYLE = Automatic;
				CURRENT_PROJECT_VERSION = 1;
				DEVELOPMENT_TEAM = K2VAN9GH96;
				GENERATE_INFOPLIST_FILE = YES;
				MARKETING_VERSION = 1.0;
				PRODUCT_BUNDLE_IDENTIFIER = com.loinsir.ARCUITests;
				PRODUCT_NAME = "$(TARGET_NAME)";
				SWIFT_EMIT_LOC_STRINGS = NO;
				SWIFT_VERSION = 5.0;
				TARGETED_DEVICE_FAMILY = "1,2";
				TEST_TARGET_NAME = ARC;
			};
			name = Release;
		};
/* End XCBuildConfiguration section */

/* Begin XCConfigurationList section */
		193FBE2227A690EB002C35EB /* Build configuration list for PBXProject "ARC" */ = {
			isa = XCConfigurationList;
			buildConfigurations = (
				193FBE4F27A690EC002C35EB /* Debug */,
				193FBE5027A690EC002C35EB /* Release */,
			);
			defaultConfigurationIsVisible = 0;
			defaultConfigurationName = Release;
		};
		193FBE5127A690EC002C35EB /* Build configuration list for PBXNativeTarget "ARC" */ = {
			isa = XCConfigurationList;
			buildConfigurations = (
				193FBE5227A690EC002C35EB /* Debug */,
				193FBE5327A690EC002C35EB /* Release */,
			);
			defaultConfigurationIsVisible = 0;
			defaultConfigurationName = Release;
		};
		193FBE5427A690EC002C35EB /* Build configuration list for PBXNativeTarget "ARCTests" */ = {
			isa = XCConfigurationList;
			buildConfigurations = (
				193FBE5527A690EC002C35EB /* Debug */,
				193FBE5627A690EC002C35EB /* Release */,
			);
			defaultConfigurationIsVisible = 0;
			defaultConfigurationName = Release;
		};
		193FBE5727A690EC002C35EB /* Build configuration list for PBXNativeTarget "ARCUITests" */ = {
			isa = XCConfigurationList;
			buildConfigurations = (
				193FBE5827A690EC002C35EB /* Debug */,
				193FBE5927A690EC002C35EB /* Release */,
			);
			defaultConfigurationIsVisible = 0;
			defaultConfigurationName = Release;
		};
/* End XCConfigurationList section */
	};
	rootObject = 193FBE1F27A690EB002C35EB /* Project object */;
}
