// !$*UTF8*$!
{
	archiveVersion = 1;
	classes = {
	};
	objectVersion = 55;
	objects = {

/* Begin PBXBuildFile section */
		1964F1DF27B5777C00E3E978 /* Shaders.metal in Sources */ = {isa = PBXBuildFile; fileRef = 1964F1DE27B5777C00E3E978 /* Shaders.metal */; };
		19F84CB527B5736B007EAAA1 /* AppDelegate.swift in Sources */ = {isa = PBXBuildFile; fileRef = 19F84CB427B5736B007EAAA1 /* AppDelegate.swift */; };
		19F84CB727B5736B007EAAA1 /* SceneDelegate.swift in Sources */ = {isa = PBXBuildFile; fileRef = 19F84CB627B5736B007EAAA1 /* SceneDelegate.swift */; };
		19F84CB927B5736B007EAAA1 /* ViewController.swift in Sources */ = {isa = PBXBuildFile; fileRef = 19F84CB827B5736B007EAAA1 /* ViewController.swift */; };
		19F84CBC27B5736B007EAAA1 /* Main.storyboard in Resources */ = {isa = PBXBuildFile; fileRef = 19F84CBA27B5736B007EAAA1 /* Main.storyboard */; };
		19F84CBE27B5736C007EAAA1 /* Assets.xcassets in Resources */ = {isa = PBXBuildFile; fileRef = 19F84CBD27B5736C007EAAA1 /* Assets.xcassets */; };
		19F84CC127B5736C007EAAA1 /* LaunchScreen.storyboard in Resources */ = {isa = PBXBuildFile; fileRef = 19F84CBF27B5736C007EAAA1 /* LaunchScreen.storyboard */; };
		19F84CCC27B5736C007EAAA1 /* MetalTutorialTests.swift in Sources */ = {isa = PBXBuildFile; fileRef = 19F84CCB27B5736C007EAAA1 /* MetalTutorialTests.swift */; };
		19F84CD627B5736C007EAAA1 /* MetalTutorialUITests.swift in Sources */ = {isa = PBXBuildFile; fileRef = 19F84CD527B5736C007EAAA1 /* MetalTutorialUITests.swift */; };
		19F84CD827B5736C007EAAA1 /* MetalTutorialUITestsLaunchTests.swift in Sources */ = {isa = PBXBuildFile; fileRef = 19F84CD727B5736C007EAAA1 /* MetalTutorialUITestsLaunchTests.swift */; };
/* End PBXBuildFile section */

/* Begin PBXContainerItemProxy section */
		19F84CC827B5736C007EAAA1 /* PBXContainerItemProxy */ = {
			isa = PBXContainerItemProxy;
			containerPortal = 19F84CA927B5736B007EAAA1 /* Project object */;
			proxyType = 1;
			remoteGlobalIDString = 19F84CB027B5736B007EAAA1;
			remoteInfo = MetalTutorial;
		};
		19F84CD227B5736C007EAAA1 /* PBXContainerItemProxy */ = {
			isa = PBXContainerItemProxy;
			containerPortal = 19F84CA927B5736B007EAAA1 /* Project object */;
			proxyType = 1;
			remoteGlobalIDString = 19F84CB027B5736B007EAAA1;
			remoteInfo = MetalTutorial;
		};
/* End PBXContainerItemProxy section */

/* Begin PBXFileReference section */
		1964F1DE27B5777C00E3E978 /* Shaders.metal */ = {isa = PBXFileReference; lastKnownFileType = sourcecode.metal; path = Shaders.metal; sourceTree = "<group>"; };
		19F84CB127B5736B007EAAA1 /* MetalTutorial.app */ = {isa = PBXFileReference; explicitFileType = wrapper.application; includeInIndex = 0; path = MetalTutorial.app; sourceTree = BUILT_PRODUCTS_DIR; };
		19F84CB427B5736B007EAAA1 /* AppDelegate.swift */ = {isa = PBXFileReference; lastKnownFileType = sourcecode.swift; path = AppDelegate.swift; sourceTree = "<group>"; };
		19F84CB627B5736B007EAAA1 /* SceneDelegate.swift */ = {isa = PBXFileReference; lastKnownFileType = sourcecode.swift; path = SceneDelegate.swift; sourceTree = "<group>"; };
		19F84CB827B5736B007EAAA1 /* ViewController.swift */ = {isa = PBXFileReference; lastKnownFileType = sourcecode.swift; path = ViewController.swift; sourceTree = "<group>"; };
		19F84CBB27B5736B007EAAA1 /* Base */ = {isa = PBXFileReference; lastKnownFileType = file.storyboard; name = Base; path = Base.lproj/Main.storyboard; sourceTree = "<group>"; };
		19F84CBD27B5736C007EAAA1 /* Assets.xcassets */ = {isa = PBXFileReference; lastKnownFileType = folder.assetcatalog; path = Assets.xcassets; sourceTree = "<group>"; };
		19F84CC027B5736C007EAAA1 /* Base */ = {isa = PBXFileReference; lastKnownFileType = file.storyboard; name = Base; path = Base.lproj/LaunchScreen.storyboard; sourceTree = "<group>"; };
		19F84CC227B5736C007EAAA1 /* Info.plist */ = {isa = PBXFileReference; lastKnownFileType = text.plist.xml; path = Info.plist; sourceTree = "<group>"; };
		19F84CC727B5736C007EAAA1 /* MetalTutorialTests.xctest */ = {isa = PBXFileReference; explicitFileType = wrapper.cfbundle; includeInIndex = 0; path = MetalTutorialTests.xctest; sourceTree = BUILT_PRODUCTS_DIR; };
		19F84CCB27B5736C007EAAA1 /* MetalTutorialTests.swift */ = {isa = PBXFileReference; lastKnownFileType = sourcecode.swift; path = MetalTutorialTests.swift; sourceTree = "<group>"; };
		19F84CD127B5736C007EAAA1 /* MetalTutorialUITests.xctest */ = {isa = PBXFileReference; explicitFileType = wrapper.cfbundle; includeInIndex = 0; path = MetalTutorialUITests.xctest; sourceTree = BUILT_PRODUCTS_DIR; };
		19F84CD527B5736C007EAAA1 /* MetalTutorialUITests.swift */ = {isa = PBXFileReference; lastKnownFileType = sourcecode.swift; path = MetalTutorialUITests.swift; sourceTree = "<group>"; };
		19F84CD727B5736C007EAAA1 /* MetalTutorialUITestsLaunchTests.swift */ = {isa = PBXFileReference; lastKnownFileType = sourcecode.swift; path = MetalTutorialUITestsLaunchTests.swift; sourceTree = "<group>"; };
/* End PBXFileReference section */

/* Begin PBXFrameworksBuildPhase section */
		19F84CAE27B5736B007EAAA1 /* Frameworks */ = {
			isa = PBXFrameworksBuildPhase;
			buildActionMask = 2147483647;
			files = (
			);
			runOnlyForDeploymentPostprocessing = 0;
		};
		19F84CC427B5736C007EAAA1 /* Frameworks */ = {
			isa = PBXFrameworksBuildPhase;
			buildActionMask = 2147483647;
			files = (
			);
			runOnlyForDeploymentPostprocessing = 0;
		};
		19F84CCE27B5736C007EAAA1 /* Frameworks */ = {
			isa = PBXFrameworksBuildPhase;
			buildActionMask = 2147483647;
			files = (
			);
			runOnlyForDeploymentPostprocessing = 0;
		};
/* End PBXFrameworksBuildPhase section */

/* Begin PBXGroup section */
		19F84CA827B5736B007EAAA1 = {
			isa = PBXGroup;
			children = (
				19F84CB327B5736B007EAAA1 /* MetalTutorial */,
				19F84CCA27B5736C007EAAA1 /* MetalTutorialTests */,
				19F84CD427B5736C007EAAA1 /* MetalTutorialUITests */,
				19F84CB227B5736B007EAAA1 /* Products */,
			);
			sourceTree = "<group>";
		};
		19F84CB227B5736B007EAAA1 /* Products */ = {
			isa = PBXGroup;
			children = (
				19F84CB127B5736B007EAAA1 /* MetalTutorial.app */,
				19F84CC727B5736C007EAAA1 /* MetalTutorialTests.xctest */,
				19F84CD127B5736C007EAAA1 /* MetalTutorialUITests.xctest */,
			);
			name = Products;
			sourceTree = "<group>";
		};
		19F84CB327B5736B007EAAA1 /* MetalTutorial */ = {
			isa = PBXGroup;
			children = (
				19F84CB427B5736B007EAAA1 /* AppDelegate.swift */,
				19F84CB627B5736B007EAAA1 /* SceneDelegate.swift */,
				19F84CB827B5736B007EAAA1 /* ViewController.swift */,
				1964F1DE27B5777C00E3E978 /* Shaders.metal */,
				19F84CBA27B5736B007EAAA1 /* Main.storyboard */,
				19F84CBD27B5736C007EAAA1 /* Assets.xcassets */,
				19F84CBF27B5736C007EAAA1 /* LaunchScreen.storyboard */,
				19F84CC227B5736C007EAAA1 /* Info.plist */,
			);
			path = MetalTutorial;
			sourceTree = "<group>";
		};
		19F84CCA27B5736C007EAAA1 /* MetalTutorialTests */ = {
			isa = PBXGroup;
			children = (
				19F84CCB27B5736C007EAAA1 /* MetalTutorialTests.swift */,
			);
			path = MetalTutorialTests;
			sourceTree = "<group>";
		};
		19F84CD427B5736C007EAAA1 /* MetalTutorialUITests */ = {
			isa = PBXGroup;
			children = (
				19F84CD527B5736C007EAAA1 /* MetalTutorialUITests.swift */,
				19F84CD727B5736C007EAAA1 /* MetalTutorialUITestsLaunchTests.swift */,
			);
			path = MetalTutorialUITests;
			sourceTree = "<group>";
		};
/* End PBXGroup section */

/* Begin PBXNativeTarget section */
		19F84CB027B5736B007EAAA1 /* MetalTutorial */ = {
			isa = PBXNativeTarget;
			buildConfigurationList = 19F84CDB27B5736C007EAAA1 /* Build configuration list for PBXNativeTarget "MetalTutorial" */;
			buildPhases = (
				19F84CAD27B5736B007EAAA1 /* Sources */,
				19F84CAE27B5736B007EAAA1 /* Frameworks */,
				19F84CAF27B5736B007EAAA1 /* Resources */,
			);
			buildRules = (
			);
			dependencies = (
			);
			name = MetalTutorial;
			productName = MetalTutorial;
			productReference = 19F84CB127B5736B007EAAA1 /* MetalTutorial.app */;
			productType = "com.apple.product-type.application";
		};
		19F84CC627B5736C007EAAA1 /* MetalTutorialTests */ = {
			isa = PBXNativeTarget;
			buildConfigurationList = 19F84CDE27B5736C007EAAA1 /* Build configuration list for PBXNativeTarget "MetalTutorialTests" */;
			buildPhases = (
				19F84CC327B5736C007EAAA1 /* Sources */,
				19F84CC427B5736C007EAAA1 /* Frameworks */,
				19F84CC527B5736C007EAAA1 /* Resources */,
			);
			buildRules = (
			);
			dependencies = (
				19F84CC927B5736C007EAAA1 /* PBXTargetDependency */,
			);
			name = MetalTutorialTests;
			productName = MetalTutorialTests;
			productReference = 19F84CC727B5736C007EAAA1 /* MetalTutorialTests.xctest */;
			productType = "com.apple.product-type.bundle.unit-test";
		};
		19F84CD027B5736C007EAAA1 /* MetalTutorialUITests */ = {
			isa = PBXNativeTarget;
			buildConfigurationList = 19F84CE127B5736C007EAAA1 /* Build configuration list for PBXNativeTarget "MetalTutorialUITests" */;
			buildPhases = (
				19F84CCD27B5736C007EAAA1 /* Sources */,
				19F84CCE27B5736C007EAAA1 /* Frameworks */,
				19F84CCF27B5736C007EAAA1 /* Resources */,
			);
			buildRules = (
			);
			dependencies = (
				19F84CD327B5736C007EAAA1 /* PBXTargetDependency */,
			);
			name = MetalTutorialUITests;
			productName = MetalTutorialUITests;
			productReference = 19F84CD127B5736C007EAAA1 /* MetalTutorialUITests.xctest */;
			productType = "com.apple.product-type.bundle.ui-testing";
		};
/* End PBXNativeTarget section */

/* Begin PBXProject section */
		19F84CA927B5736B007EAAA1 /* Project object */ = {
			isa = PBXProject;
			attributes = {
				BuildIndependentTargetsInParallel = 1;
				LastSwiftUpdateCheck = 1320;
				LastUpgradeCheck = 1320;
				TargetAttributes = {
					19F84CB027B5736B007EAAA1 = {
						CreatedOnToolsVersion = 13.2.1;
					};
					19F84CC627B5736C007EAAA1 = {
						CreatedOnToolsVersion = 13.2.1;
						TestTargetID = 19F84CB027B5736B007EAAA1;
					};
					19F84CD027B5736C007EAAA1 = {
						CreatedOnToolsVersion = 13.2.1;
						TestTargetID = 19F84CB027B5736B007EAAA1;
					};
				};
			};
			buildConfigurationList = 19F84CAC27B5736B007EAAA1 /* Build configuration list for PBXProject "MetalTutorial" */;
			compatibilityVersion = "Xcode 13.0";
			developmentRegion = en;
			hasScannedForEncodings = 0;
			knownRegions = (
				en,
				Base,
			);
			mainGroup = 19F84CA827B5736B007EAAA1;
			productRefGroup = 19F84CB227B5736B007EAAA1 /* Products */;
			projectDirPath = "";
			projectRoot = "";
			targets = (
				19F84CB027B5736B007EAAA1 /* MetalTutorial */,
				19F84CC627B5736C007EAAA1 /* MetalTutorialTests */,
				19F84CD027B5736C007EAAA1 /* MetalTutorialUITests */,
			);
		};
/* End PBXProject section */

/* Begin PBXResourcesBuildPhase section */
		19F84CAF27B5736B007EAAA1 /* Resources */ = {
			isa = PBXResourcesBuildPhase;
			buildActionMask = 2147483647;
			files = (
				19F84CC127B5736C007EAAA1 /* LaunchScreen.storyboard in Resources */,
				19F84CBE27B5736C007EAAA1 /* Assets.xcassets in Resources */,
				19F84CBC27B5736B007EAAA1 /* Main.storyboard in Resources */,
			);
			runOnlyForDeploymentPostprocessing = 0;
		};
		19F84CC527B5736C007EAAA1 /* Resources */ = {
			isa = PBXResourcesBuildPhase;
			buildActionMask = 2147483647;
			files = (
			);
			runOnlyForDeploymentPostprocessing = 0;
		};
		19F84CCF27B5736C007EAAA1 /* Resources */ = {
			isa = PBXResourcesBuildPhase;
			buildActionMask = 2147483647;
			files = (
			);
			runOnlyForDeploymentPostprocessing = 0;
		};
/* End PBXResourcesBuildPhase section */

/* Begin PBXSourcesBuildPhase section */
		19F84CAD27B5736B007EAAA1 /* Sources */ = {
			isa = PBXSourcesBuildPhase;
			buildActionMask = 2147483647;
			files = (
				1964F1DF27B5777C00E3E978 /* Shaders.metal in Sources */,
				19F84CB927B5736B007EAAA1 /* ViewController.swift in Sources */,
				19F84CB527B5736B007EAAA1 /* AppDelegate.swift in Sources */,
				19F84CB727B5736B007EAAA1 /* SceneDelegate.swift in Sources */,
			);
			runOnlyForDeploymentPostprocessing = 0;
		};
		19F84CC327B5736C007EAAA1 /* Sources */ = {
			isa = PBXSourcesBuildPhase;
			buildActionMask = 2147483647;
			files = (
				19F84CCC27B5736C007EAAA1 /* MetalTutorialTests.swift in Sources */,
			);
			runOnlyForDeploymentPostprocessing = 0;
		};
		19F84CCD27B5736C007EAAA1 /* Sources */ = {
			isa = PBXSourcesBuildPhase;
			buildActionMask = 2147483647;
			files = (
				19F84CD827B5736C007EAAA1 /* MetalTutorialUITestsLaunchTests.swift in Sources */,
				19F84CD627B5736C007EAAA1 /* MetalTutorialUITests.swift in Sources */,
			);
			runOnlyForDeploymentPostprocessing = 0;
		};
/* End PBXSourcesBuildPhase section */

/* Begin PBXTargetDependency section */
		19F84CC927B5736C007EAAA1 /* PBXTargetDependency */ = {
			isa = PBXTargetDependency;
			target = 19F84CB027B5736B007EAAA1 /* MetalTutorial */;
			targetProxy = 19F84CC827B5736C007EAAA1 /* PBXContainerItemProxy */;
		};
		19F84CD327B5736C007EAAA1 /* PBXTargetDependency */ = {
			isa = PBXTargetDependency;
			target = 19F84CB027B5736B007EAAA1 /* MetalTutorial */;
			targetProxy = 19F84CD227B5736C007EAAA1 /* PBXContainerItemProxy */;
		};
/* End PBXTargetDependency section */

/* Begin PBXVariantGroup section */
		19F84CBA27B5736B007EAAA1 /* Main.storyboard */ = {
			isa = PBXVariantGroup;
			children = (
				19F84CBB27B5736B007EAAA1 /* Base */,
			);
			name = Main.storyboard;
			sourceTree = "<group>";
		};
		19F84CBF27B5736C007EAAA1 /* LaunchScreen.storyboard */ = {
			isa = PBXVariantGroup;
			children = (
				19F84CC027B5736C007EAAA1 /* Base */,
			);
			name = LaunchScreen.storyboard;
			sourceTree = "<group>";
		};
/* End PBXVariantGroup section */

/* Begin XCBuildConfiguration section */
		19F84CD927B5736C007EAAA1 /* Debug */ = {
			isa = XCBuildConfiguration;
			buildSettings = {
				ALWAYS_SEARCH_USER_PATHS = NO;
				CLANG_ANALYZER_NONNULL = YES;
				CLANG_ANALYZER_NUMBER_OBJECT_CONVERSION = YES_AGGRESSIVE;
				CLANG_CXX_LANGUAGE_STANDARD = "gnu++17";
				CLANG_CXX_LIBRARY = "libc++";
				CLANG_ENABLE_MODULES = YES;
				CLANG_ENABLE_OBJC_ARC = YES;
				CLANG_ENABLE_OBJC_WEAK = YES;
				CLANG_WARN_BLOCK_CAPTURE_AUTORELEASING = YES;
				CLANG_WARN_BOOL_CONVERSION = YES;
				CLANG_WARN_COMMA = YES;
				CLANG_WARN_CONSTANT_CONVERSION = YES;
				CLANG_WARN_DEPRECATED_OBJC_IMPLEMENTATIONS = YES;
				CLANG_WARN_DIRECT_OBJC_ISA_USAGE = YES_ERROR;
				CLANG_WARN_DOCUMENTATION_COMMENTS = YES;
				CLANG_WARN_EMPTY_BODY = YES;
				CLANG_WARN_ENUM_CONVERSION = YES;
				CLANG_WARN_INFINITE_RECURSION = YES;
				CLANG_WARN_INT_CONVERSION = YES;
				CLANG_WARN_NON_LITERAL_NULL_CONVERSION = YES;
				CLANG_WARN_OBJC_IMPLICIT_RETAIN_SELF = YES;
				CLANG_WARN_OBJC_LITERAL_CONVERSION = YES;
				CLANG_WARN_OBJC_ROOT_CLASS = YES_ERROR;
				CLANG_WARN_QUOTED_INCLUDE_IN_FRAMEWORK_HEADER = YES;
				CLANG_WARN_RANGE_LOOP_ANALYSIS = YES;
				CLANG_WARN_STRICT_PROTOTYPES = YES;
				CLANG_WARN_SUSPICIOUS_MOVE = YES;
				CLANG_WARN_UNGUARDED_AVAILABILITY = YES_AGGRESSIVE;
				CLANG_WARN_UNREACHABLE_CODE = YES;
				CLANG_WARN__DUPLICATE_METHOD_MATCH = YES;
				COPY_PHASE_STRIP = NO;
				DEBUG_INFORMATION_FORMAT = dwarf;
				ENABLE_STRICT_OBJC_MSGSEND = YES;
				ENABLE_TESTABILITY = YES;
				GCC_C_LANGUAGE_STANDARD = gnu11;
				GCC_DYNAMIC_NO_PIC = NO;
				GCC_NO_COMMON_BLOCKS = YES;
				GCC_OPTIMIZATION_LEVEL = 0;
				GCC_PREPROCESSOR_DEFINITIONS = (
					"DEBUG=1",
					"$(inherited)",
				);
				GCC_WARN_64_TO_32_BIT_CONVERSION = YES;
				GCC_WARN_ABOUT_RETURN_TYPE = YES_ERROR;
				GCC_WARN_UNDECLARED_SELECTOR = YES;
				GCC_WARN_UNINITIALIZED_AUTOS = YES_AGGRESSIVE;
				GCC_WARN_UNUSED_FUNCTION = YES;
				GCC_WARN_UNUSED_VARIABLE = YES;
				IPHONEOS_DEPLOYMENT_TARGET = 15.2;
				MTL_ENABLE_DEBUG_INFO = INCLUDE_SOURCE;
				MTL_FAST_MATH = YES;
				ONLY_ACTIVE_ARCH = YES;
				SDKROOT = iphoneos;
				SWIFT_ACTIVE_COMPILATION_CONDITIONS = DEBUG;
				SWIFT_OPTIMIZATION_LEVEL = "-Onone";
			};
			name = Debug;
		};
		19F84CDA27B5736C007EAAA1 /* Release */ = {
			isa = XCBuildConfiguration;
			buildSettings = {
				ALWAYS_SEARCH_USER_PATHS = NO;
				CLANG_ANALYZER_NONNULL = YES;
				CLANG_ANALYZER_NUMBER_OBJECT_CONVERSION = YES_AGGRESSIVE;
				CLANG_CXX_LANGUAGE_STANDARD = "gnu++17";
				CLANG_CXX_LIBRARY = "libc++";
				CLANG_ENABLE_MODULES = YES;
				CLANG_ENABLE_OBJC_ARC = YES;
				CLANG_ENABLE_OBJC_WEAK = YES;
				CLANG_WARN_BLOCK_CAPTURE_AUTORELEASING = YES;
				CLANG_WARN_BOOL_CONVERSION = YES;
				CLANG_WARN_COMMA = YES;
				CLANG_WARN_CONSTANT_CONVERSION = YES;
				CLANG_WARN_DEPRECATED_OBJC_IMPLEMENTATIONS = YES;
				CLANG_WARN_DIRECT_OBJC_ISA_USAGE = YES_ERROR;
				CLANG_WARN_DOCUMENTATION_COMMENTS = YES;
				CLANG_WARN_EMPTY_BODY = YES;
				CLANG_WARN_ENUM_CONVERSION = YES;
				CLANG_WARN_INFINITE_RECURSION = YES;
				CLANG_WARN_INT_CONVERSION = YES;
				CLANG_WARN_NON_LITERAL_NULL_CONVERSION = YES;
				CLANG_WARN_OBJC_IMPLICIT_RETAIN_SELF = YES;
				CLANG_WARN_OBJC_LITERAL_CONVERSION = YES;
				CLANG_WARN_OBJC_ROOT_CLASS = YES_ERROR;
				CLANG_WARN_QUOTED_INCLUDE_IN_FRAMEWORK_HEADER = YES;
				CLANG_WARN_RANGE_LOOP_ANALYSIS = YES;
				CLANG_WARN_STRICT_PROTOTYPES = YES;
				CLANG_WARN_SUSPICIOUS_MOVE = YES;
				CLANG_WARN_UNGUARDED_AVAILABILITY = YES_AGGRESSIVE;
				CLANG_WARN_UNREACHABLE_CODE = YES;
				CLANG_WARN__DUPLICATE_METHOD_MATCH = YES;
				COPY_PHASE_STRIP = NO;
				DEBUG_INFORMATION_FORMAT = "dwarf-with-dsym";
				ENABLE_NS_ASSERTIONS = NO;
				ENABLE_STRICT_OBJC_MSGSEND = YES;
				GCC_C_LANGUAGE_STANDARD = gnu11;
				GCC_NO_COMMON_BLOCKS = YES;
				GCC_WARN_64_TO_32_BIT_CONVERSION = YES;
				GCC_WARN_ABOUT_RETURN_TYPE = YES_ERROR;
				GCC_WARN_UNDECLARED_SELECTOR = YES;
				GCC_WARN_UNINITIALIZED_AUTOS = YES_AGGRESSIVE;
				GCC_WARN_UNUSED_FUNCTION = YES;
				GCC_WARN_UNUSED_VARIABLE = YES;
				IPHONEOS_DEPLOYMENT_TARGET = 15.2;
				MTL_ENABLE_DEBUG_INFO = NO;
				MTL_FAST_MATH = YES;
				SDKROOT = iphoneos;
				SWIFT_COMPILATION_MODE = wholemodule;
				SWIFT_OPTIMIZATION_LEVEL = "-O";
				VALIDATE_PRODUCT = YES;
			};
			name = Release;
		};
		19F84CDC27B5736C007EAAA1 /* Debug */ = {
			isa = XCBuildConfiguration;
			buildSettings = {
				ASSETCATALOG_COMPILER_APPICON_NAME = AppIcon;
				ASSETCATALOG_COMPILER_GLOBAL_ACCENT_COLOR_NAME = AccentColor;
				CODE_SIGN_STYLE = Automatic;
				CURRENT_PROJECT_VERSION = 1;
				DEVELOPMENT_TEAM = K2VAN9GH96;
				GENERATE_INFOPLIST_FILE = YES;
				INFOPLIST_FILE = MetalTutorial/Info.plist;
				INFOPLIST_KEY_UIApplicationSupportsIndirectInputEvents = YES;
				INFOPLIST_KEY_UILaunchStoryboardName = LaunchScreen;
				INFOPLIST_KEY_UIMainStoryboardFile = Main;
				INFOPLIST_KEY_UISupportedInterfaceOrientations_iPad = "UIInterfaceOrientationPortrait UIInterfaceOrientationPortraitUpsideDown UIInterfaceOrientationLandscapeLeft UIInterfaceOrientationLandscapeRight";
				INFOPLIST_KEY_UISupportedInterfaceOrientations_iPhone = "UIInterfaceOrientationPortrait UIInterfaceOrientationLandscapeLeft UIInterfaceOrientationLandscapeRight";
				LD_RUNPATH_SEARCH_PATHS = (
					"$(inherited)",
					"@executable_path/Frameworks",
				);
				MARKETING_VERSION = 1.0;
				PRODUCT_BUNDLE_IDENTIFIER = com.loinsir.MetalTutorial;
				PRODUCT_NAME = "$(TARGET_NAME)";
				SWIFT_EMIT_LOC_STRINGS = YES;
				SWIFT_VERSION = 5.0;
				TARGETED_DEVICE_FAMILY = "1,2";
			};
			name = Debug;
		};
		19F84CDD27B5736C007EAAA1 /* Release */ = {
			isa = XCBuildConfiguration;
			buildSettings = {
				ASSETCATALOG_COMPILER_APPICON_NAME = AppIcon;
				ASSETCATALOG_COMPILER_GLOBAL_ACCENT_COLOR_NAME = AccentColor;
				CODE_SIGN_STYLE = Automatic;
				CURRENT_PROJECT_VERSION = 1;
				DEVELOPMENT_TEAM = K2VAN9GH96;
				GENERATE_INFOPLIST_FILE = YES;
				INFOPLIST_FILE = MetalTutorial/Info.plist;
				INFOPLIST_KEY_UIApplicationSupportsIndirectInputEvents = YES;
				INFOPLIST_KEY_UILaunchStoryboardName = LaunchScreen;
				INFOPLIST_KEY_UIMainStoryboardFile = Main;
				INFOPLIST_KEY_UISupportedInterfaceOrientations_iPad = "UIInterfaceOrientationPortrait UIInterfaceOrientationPortraitUpsideDown UIInterfaceOrientationLandscapeLeft UIInterfaceOrientationLandscapeRight";
				INFOPLIST_KEY_UISupportedInterfaceOrientations_iPhone = "UIInterfaceOrientationPortrait UIInterfaceOrientationLandscapeLeft UIInterfaceOrientationLandscapeRight";
				LD_RUNPATH_SEARCH_PATHS = (
					"$(inherited)",
					"@executable_path/Frameworks",
				);
				MARKETING_VERSION = 1.0;
				PRODUCT_BUNDLE_IDENTIFIER = com.loinsir.MetalTutorial;
				PRODUCT_NAME = "$(TARGET_NAME)";
				SWIFT_EMIT_LOC_STRINGS = YES;
				SWIFT_VERSION = 5.0;
				TARGETED_DEVICE_FAMILY = "1,2";
			};
			name = Release;
		};
		19F84CDF27B5736C007EAAA1 /* Debug */ = {
			isa = XCBuildConfiguration;
			buildSettings = {
				ALWAYS_EMBED_SWIFT_STANDARD_LIBRARIES = YES;
				BUNDLE_LOADER = "$(TEST_HOST)";
				CODE_SIGN_STYLE = Automatic;
				CURRENT_PROJECT_VERSION = 1;
				DEVELOPMENT_TEAM = K2VAN9GH96;
				GENERATE_INFOPLIST_FILE = YES;
				IPHONEOS_DEPLOYMENT_TARGET = 15.2;
				MARKETING_VERSION = 1.0;
				PRODUCT_BUNDLE_IDENTIFIER = com.loinsir.MetalTutorialTests;
				PRODUCT_NAME = "$(TARGET_NAME)";
				SWIFT_EMIT_LOC_STRINGS = NO;
				SWIFT_VERSION = 5.0;
				TARGETED_DEVICE_FAMILY = "1,2";
				TEST_HOST = "$(BUILT_PRODUCTS_DIR)/MetalTutorial.app/MetalTutorial";
			};
			name = Debug;
		};
		19F84CE027B5736C007EAAA1 /* Release */ = {
			isa = XCBuildConfiguration;
			buildSettings = {
				ALWAYS_EMBED_SWIFT_STANDARD_LIBRARIES = YES;
				BUNDLE_LOADER = "$(TEST_HOST)";
				CODE_SIGN_STYLE = Automatic;
				CURRENT_PROJECT_VERSION = 1;
				DEVELOPMENT_TEAM = K2VAN9GH96;
				GENERATE_INFOPLIST_FILE = YES;
				IPHONEOS_DEPLOYMENT_TARGET = 15.2;
				MARKETING_VERSION = 1.0;
				PRODUCT_BUNDLE_IDENTIFIER = com.loinsir.MetalTutorialTests;
				PRODUCT_NAME = "$(TARGET_NAME)";
				SWIFT_EMIT_LOC_STRINGS = NO;
				SWIFT_VERSION = 5.0;
				TARGETED_DEVICE_FAMILY = "1,2";
				TEST_HOST = "$(BUILT_PRODUCTS_DIR)/MetalTutorial.app/MetalTutorial";
			};
			name = Release;
		};
		19F84CE227B5736C007EAAA1 /* Debug */ = {
			isa = XCBuildConfiguration;
			buildSettings = {
				ALWAYS_EMBED_SWIFT_STANDARD_LIBRARIES = YES;
				CODE_SIGN_STYLE = Automatic;
				CURRENT_PROJECT_VERSION = 1;
				DEVELOPMENT_TEAM = K2VAN9GH96;
				GENERATE_INFOPLIST_FILE = YES;
				MARKETING_VERSION = 1.0;
				PRODUCT_BUNDLE_IDENTIFIER = com.loinsir.MetalTutorialUITests;
				PRODUCT_NAME = "$(TARGET_NAME)";
				SWIFT_EMIT_LOC_STRINGS = NO;
				SWIFT_VERSION = 5.0;
				TARGETED_DEVICE_FAMILY = "1,2";
				TEST_TARGET_NAME = MetalTutorial;
			};
			name = Debug;
		};
		19F84CE327B5736C007EAAA1 /* Release */ = {
			isa = XCBuildConfiguration;
			buildSettings = {
				ALWAYS_EMBED_SWIFT_STANDARD_LIBRARIES = YES;
				CODE_SIGN_STYLE = Automatic;
				CURRENT_PROJECT_VERSION = 1;
				DEVELOPMENT_TEAM = K2VAN9GH96;
				GENERATE_INFOPLIST_FILE = YES;
				MARKETING_VERSION = 1.0;
				PRODUCT_BUNDLE_IDENTIFIER = com.loinsir.MetalTutorialUITests;
				PRODUCT_NAME = "$(TARGET_NAME)";
				SWIFT_EMIT_LOC_STRINGS = NO;
				SWIFT_VERSION = 5.0;
				TARGETED_DEVICE_FAMILY = "1,2";
				TEST_TARGET_NAME = MetalTutorial;
			};
			name = Release;
		};
/* End XCBuildConfiguration section */

/* Begin XCConfigurationList section */
		19F84CAC27B5736B007EAAA1 /* Build configuration list for PBXProject "MetalTutorial" */ = {
			isa = XCConfigurationList;
			buildConfigurations = (
				19F84CD927B5736C007EAAA1 /* Debug */,
				19F84CDA27B5736C007EAAA1 /* Release */,
			);
			defaultConfigurationIsVisible = 0;
			defaultConfigurationName = Release;
		};
		19F84CDB27B5736C007EAAA1 /* Build configuration list for PBXNativeTarget "MetalTutorial" */ = {
			isa = XCConfigurationList;
			buildConfigurations = (
				19F84CDC27B5736C007EAAA1 /* Debug */,
				19F84CDD27B5736C007EAAA1 /* Release */,
			);
			defaultConfigurationIsVisible = 0;
			defaultConfigurationName = Release;
		};
		19F84CDE27B5736C007EAAA1 /* Build configuration list for PBXNativeTarget "MetalTutorialTests" */ = {
			isa = XCConfigurationList;
			buildConfigurations = (
				19F84CDF27B5736C007EAAA1 /* Debug */,
				19F84CE027B5736C007EAAA1 /* Release */,
			);
			defaultConfigurationIsVisible = 0;
			defaultConfigurationName = Release;
		};
		19F84CE127B5736C007EAAA1 /* Build configuration list for PBXNativeTarget "MetalTutorialUITests" */ = {
			isa = XCConfigurationList;
			buildConfigurations = (
				19F84CE227B5736C007EAAA1 /* Debug */,
				19F84CE327B5736C007EAAA1 /* Release */,
			);
			defaultConfigurationIsVisible = 0;
			defaultConfigurationName = Release;
		};
/* End XCConfigurationList section */
	};
	rootObject = 19F84CA927B5736B007EAAA1 /* Project object */;
}
